
Microsoft Visual Studio Solution File, Format Version 12.00
# Visual Studio Version 17
VisualStudioVersion = 17.0.31815.197
MinimumVisualStudioVersion = 10.0.40219.1
Project("{9A19103F-16F7-4668-BE54-9A1E7A4F7556}") = "WhatsNew", "WhatsNew\WhatsNew.csproj", "{59FD6E4C-A341-4E61-92D3-B3651968A827}"
EndProject
Project("{9A19103F-16F7-4668-BE54-9A1E7A4F7556}") = "JobSeekApi", "JobSeekApi\JobSeekApi.csproj", "{AE485B8B-DEFF-494D-96CB-5780FF5BDAAB}"
EndProject
Project("{9A19103F-16F7-4668-BE54-9A1E7A4F7556}") = "WhantsNewTests", "WhatsNewTests\WhantsNewTests.csproj", "{A3E632F8-D11F-4108-BA16-4BCC1F018D3B}"
EndProject
Project("{FAE04EC0-301F-11D3-BF4B-00C04F79EFBC}") = "Rubicon.CareerMatch.Data", "..\CareerMatchingApi.Data\Rubicon.CareerMatch.Data.csproj", "{DA0A3F36-42FB-427D-948C-873C74D370B2}"
EndProject
Project("{FAE04EC0-301F-11D3-BF4B-00C04F79EFBC}") = "Rubicon.Google.TalentServices", "..\Rubicon.Google.Talent\Rubicon.Google.TalentServices.csproj", "{00AEE460-959E-4070-9190-639E35EC6C3C}"
EndProject
Project("{9A19103F-16F7-4668-BE54-9A1E7A4F7556}") = "Rubicon.AzureFunctions.Common.Http", "..\Rubicon.Azure.Common.Http\Rubicon.AzureFunctions.Common.Http.csproj", "{FCB7E0B8-5939-405C-B286-B735B554A586}"
EndProject
Global
	GlobalSection(SolutionConfigurationPlatforms) = preSolution
		Debug|Any CPU = Debug|Any CPU
		Release|Any CPU = Release|Any CPU
	EndGlobalSection
	GlobalSection(ProjectConfigurationPlatforms) = postSolution
		{59FD6E4C-A341-4E61-92D3-B3651968A827}.Debug|Any CPU.ActiveCfg = Debug|Any CPU
		{59FD6E4C-A341-4E61-92D3-B3651968A827}.Debug|Any CPU.Build.0 = Debug|Any CPU
		{59FD6E4C-A341-4E61-92D3-B3651968A827}.Release|Any CPU.ActiveCfg = Release|Any CPU
		{59FD6E4C-A341-4E61-92D3-B3651968A827}.Release|Any CPU.Build.0 = Release|Any CPU
		{AE485B8B-DEFF-494D-96CB-5780FF5BDAAB}.Debug|Any CPU.ActiveCfg = Debug|Any CPU
		{AE485B8B-DEFF-494D-96CB-5780FF5BDAAB}.Debug|Any CPU.Build.0 = Debug|Any CPU
		{AE485B8B-DEFF-494D-96CB-5780FF5BDAAB}.Release|Any CPU.ActiveCfg = Release|Any CPU
		{AE485B8B-DEFF-494D-96CB-5780FF5BDAAB}.Release|Any CPU.Build.0 = Release|Any CPU
		{A3E632F8-D11F-4108-BA16-4BCC1F018D3B}.Debug|Any CPU.ActiveCfg = Debug|Any CPU
		{A3E632F8-D11F-4108-BA16-4BCC1F018D3B}.Debug|Any CPU.Build.0 = Debug|Any CPU
		{A3E632F8-D11F-4108-BA16-4BCC1F018D3B}.Release|Any CPU.ActiveCfg = Release|Any CPU
		{A3E632F8-D11F-4108-BA16-4BCC1F018D3B}.Release|Any CPU.Build.0 = Release|Any CPU
		{DA0A3F36-42FB-427D-948C-873C74D370B2}.Debug|Any CPU.ActiveCfg = Debug|Any CPU
		{DA0A3F36-42FB-427D-948C-873C74D370B2}.Debug|Any CPU.Build.0 = Debug|Any CPU
		{DA0A3F36-42FB-427D-948C-873C74D370B2}.Release|Any CPU.ActiveCfg = Release|Any CPU
		{DA0A3F36-42FB-427D-948C-873C74D370B2}.Release|Any CPU.Build.0 = Release|Any CPU
		{00AEE460-959E-4070-9190-639E35EC6C3C}.Debug|Any CPU.ActiveCfg = Debug|Any CPU
		{00AEE460-959E-4070-9190-639E35EC6C3C}.Debug|Any CPU.Build.0 = Debug|Any CPU
		{00AEE460-959E-4070-9190-639E35EC6C3C}.Release|Any CPU.ActiveCfg = Release|Any CPU
		{00AEE460-959E-4070-9190-639E35EC6C3C}.Release|Any CPU.Build.0 = Release|Any CPU
		{FCB7E0B8-5939-405C-B286-B735B554A586}.Debug|Any CPU.ActiveCfg = Debug|Any CPU
		{FCB7E0B8-5939-405C-B286-B735B554A586}.Debug|Any CPU.Build.0 = Debug|Any CPU
		{FCB7E0B8-5939-405C-B286-B735B554A586}.Release|Any CPU.ActiveCfg = Release|Any CPU
		{FCB7E0B8-5939-405C-B286-B735B554A586}.Release|Any CPU.Build.0 = Release|Any CPU
	EndGlobalSection
	GlobalSection(SolutionProperties) = preSolution
		HideSolutionNode = FALSE
	EndGlobalSection
	GlobalSection(ExtensibilityGlobals) = postSolution
		SolutionGuid = {E7E3ACC0-BDCA-43F7-A19E-3A5513519A1A}
	EndGlobalSection
EndGlobal
